
Microsoft Visual Studio Solution File, Format Version 12.00
# Visual Studio Version 16
VisualStudioVersion = 16.0.29025.244
MinimumVisualStudioVersion = 10.0.40219.1
Project("{FAE04EC0-301F-11D3-BF4B-00C04F79EFBC}") = "SchedulesCli", "SchedulesCli\SchedulesCli.csproj", "{7D59BAF8-CDE6-4E1F-9BB5-5CAEEE67AB78}"
EndProject
Global
	GlobalSection(SolutionConfigurationPlatforms) = preSolution
		Debug|Any CPU = Debug|Any CPU
		Release|Any CPU = Release|Any CPU
	EndGlobalSection
	GlobalSection(ProjectConfigurationPlatforms) = postSolution
		{7D59BAF8-CDE6-4E1F-9BB5-5CAEEE67AB78}.Debug|Any CPU.ActiveCfg = Debug|Any CPU
		{7D59BAF8-CDE6-4E1F-9BB5-5CAEEE67AB78}.Debug|Any CPU.Build.0 = Debug|Any CPU
		{7D59BAF8-CDE6-4E1F-9BB5-5CAEEE67AB78}.Release|Any CPU.ActiveCfg = Release|Any CPU
		{7D59BAF8-CDE6-4E1F-9BB5-5CAEEE67AB78}.Release|Any CPU.Build.0 = Release|Any CPU
	EndGlobalSection
	GlobalSection(SolutionProperties) = preSolution
		HideSolutionNode = FALSE
	EndGlobalSection
	GlobalSection(ExtensibilityGlobals) = postSolution
		SolutionGuid = {36CED7CA-84BB-4400-993C-C34E6E30B3BB}
	EndGlobalSection
EndGlobal
